{
  "name": "websites",
  "lockfileVersion": 3,
  "requires": true,
  "packages": {
    "": {
      "dependencies": {
        "create-next-app": "^16.2.4",
        "react-turnstile": "^1.1.5"
      }
    },
    "node_modules/create-next-app": {
      "version": "16.2.4",
      "resolved": "https://registry.npmjs.org/create-next-app/-/create-next-app-16.2.4.tgz",
      "integrity": "sha512-jGkADJ9vm7l74KXhdVSr/vyUsUK5/RiuuV8y/iF4JbWRF0Yp0sX43VIBHCN/2ynvm2VEStM5ljAl7NByh1PvmQ==",
      "license": "MIT",
      "bin": {
        "create-next-app": "dist/index.js"
      },
      "engines": {
        "node": ">=20.9.0"
      }
    },
    "node_modules/react": {
      "version": "19.2.5",
      "resolved": "https://registry.npmjs.org/react/-/react-19.2.5.tgz",
      "integrity": "sha512-llUJLzz1zTUBrskt2pwZgLq59AemifIftw4aB7JxOqf1HY2FDaGDxgwpAPVzHU1kdWabH7FauP4i1oEeer2WCA==",
      "license": "MIT",
      "peer": true,
      "engines": {
        "node": ">=0.10.0"
      }
    },
    "node_modules/react-dom": {
      "version": "19.2.5",
      "resolved": "https://registry.npmjs.org/react-dom/-/react-dom-19.2.5.tgz",
      "integrity": "sha512-J5bAZz+DXMMwW/wV3xzKke59Af6CHY7G4uYLN1OvBcKEsWOs4pQExj86BBKamxl/Ik5bx9whOrvBlSDfWzgSag==",
      "license": "MIT",
      "peer": true,
      "dependencies": {
        "scheduler": "^0.27.0"
      },
      "peerDependencies": {
        "react": "^19.2.5"
      }
    },
    "node_modules/react-turnstile": {
      "version": "1.1.5",
      "resolved": "https://registry.npmjs.org/react-turnstile/-/react-turnstile-1.1.5.tgz",
      "integrity": "sha512-VTL5OeHAatzCEVQxAZox70/TPmhKxEbNgtr++dg+8zm9QrWKuoU9E0+7gqmycOSCDZuJFzvMMLKQb5PVUPLV6w==",
      "license": "MIT",
      "peerDependencies": {
        "react": ">= 16.13.1",
        "react-dom": ">= 16.13.1"
      }
    },
    "node_modules/scheduler": {
      "version": "0.27.0",
      "resolved": "https://registry.npmjs.org/scheduler/-/scheduler-0.27.0.tgz",
      "integrity": "sha512-eNv+WrVbKu1f3vbYJT/xtiF5syA5HPIMtf9IgY/nKg0sWqzAUEvqY/xm7OcZc/qafLx/iO9FgOmeSAp4v5ti/Q==",
      "license": "MIT"
    }
  }
}
